
Microsoft Visual Studio Solution File, Format Version 12.00
# Visual Studio 15
VisualStudioVersion = 15.0.26124.0
MinimumVisualStudioVersion = 15.0.26124.0
Project("{FAE04EC0-301F-11D3-BF4B-00C04F79EFBC}") = "ProAgil.WebAPI", "ProAgil.WebAPI\ProAgil.WebAPI.csproj", "{235896CB-C4F6-495E-AF00-BCAC51B08BD7}"
EndProject
Project("{FAE04EC0-301F-11D3-BF4B-00C04F79EFBC}") = "ProAgil.Repository", "ProAgil.Repository\ProAgil.Repository.csproj", "{7AD73B9D-7F5B-42E4-9EE2-694848E20587}"
EndProject
Project("{FAE04EC0-301F-11D3-BF4B-00C04F79EFBC}") = "ProAgil.Domain", "ProAgil.Domain\ProAgil.Domain.csproj", "{5F9F4155-C1F2-4B8B-8A97-8684BA81C9D6}"
EndProject
Global
	GlobalSection(SolutionConfigurationPlatforms) = preSolution
		Debug|Any CPU = Debug|Any CPU
		Debug|x64 = Debug|x64
		Debug|x86 = Debug|x86
		Release|Any CPU = Release|Any CPU
		Release|x64 = Release|x64
		Release|x86 = Release|x86
	EndGlobalSection
	GlobalSection(SolutionProperties) = preSolution
		HideSolutionNode = FALSE
	EndGlobalSection
	GlobalSection(ProjectConfigurationPlatforms) = postSolution
		{235896CB-C4F6-495E-AF00-BCAC51B08BD7}.Debug|Any CPU.ActiveCfg = Debug|Any CPU
		{235896CB-C4F6-495E-AF00-BCAC51B08BD7}.Debug|Any CPU.Build.0 = Debug|Any CPU
		{235896CB-C4F6-495E-AF00-BCAC51B08BD7}.Debug|x64.ActiveCfg = Debug|Any CPU
		{235896CB-C4F6-495E-AF00-BCAC51B08BD7}.Debug|x64.Build.0 = Debug|Any CPU
		{235896CB-C4F6-495E-AF00-BCAC51B08BD7}.Debug|x86.ActiveCfg = Debug|Any CPU
		{235896CB-C4F6-495E-AF00-BCAC51B08BD7}.Debug|x86.Build.0 = Debug|Any CPU
		{235896CB-C4F6-495E-AF00-BCAC51B08BD7}.Release|Any CPU.ActiveCfg = Release|Any CPU
		{235896CB-C4F6-495E-AF00-BCAC51B08BD7}.Release|Any CPU.Build.0 = Release|Any CPU
		{235896CB-C4F6-495E-AF00-BCAC51B08BD7}.Release|x64.ActiveCfg = Release|Any CPU
		{235896CB-C4F6-495E-AF00-BCAC51B08BD7}.Release|x64.Build.0 = Release|Any CPU
		{235896CB-C4F6-495E-AF00-BCAC51B08BD7}.Release|x86.ActiveCfg = Release|Any CPU
		{235896CB-C4F6-495E-AF00-BCAC51B08BD7}.Release|x86.Build.0 = Release|Any CPU
		{7AD73B9D-7F5B-42E4-9EE2-694848E20587}.Debug|Any CPU.ActiveCfg = Debug|Any CPU
		{7AD73B9D-7F5B-42E4-9EE2-694848E20587}.Debug|Any CPU.Build.0 = Debug|Any CPU
		{7AD73B9D-7F5B-42E4-9EE2-694848E20587}.Debug|x64.ActiveCfg = Debug|Any CPU
		{7AD73B9D-7F5B-42E4-9EE2-694848E20587}.Debug|x64.Build.0 = Debug|Any CPU
		{7AD73B9D-7F5B-42E4-9EE2-694848E20587}.Debug|x86.ActiveCfg = Debug|Any CPU
		{7AD73B9D-7F5B-42E4-9EE2-694848E20587}.Debug|x86.Build.0 = Debug|Any CPU
		{7AD73B9D-7F5B-42E4-9EE2-694848E20587}.Release|Any CPU.ActiveCfg = Release|Any CPU
		{7AD73B9D-7F5B-42E4-9EE2-694848E20587}.Release|Any CPU.Build.0 = Release|Any CPU
		{7AD73B9D-7F5B-42E4-9EE2-694848E20587}.Release|x64.ActiveCfg = Release|Any CPU
		{7AD73B9D-7F5B-42E4-9EE2-694848E20587}.Release|x64.Build.0 = Release|Any CPU
		{7AD73B9D-7F5B-42E4-9EE2-694848E20587}.Release|x86.ActiveCfg = Release|Any CPU
		{7AD73B9D-7F5B-42E4-9EE2-694848E20587}.Release|x86.Build.0 = Release|Any CPU
		{5F9F4155-C1F2-4B8B-8A97-8684BA81C9D6}.Debug|Any CPU.ActiveCfg = Debug|Any CPU
		{5F9F4155-C1F2-4B8B-8A97-8684BA81C9D6}.Debug|Any CPU.Build.0 = Debug|Any CPU
		{5F9F4155-C1F2-4B8B-8A97-8684BA81C9D6}.Debug|x64.ActiveCfg = Debug|Any CPU
		{5F9F4155-C1F2-4B8B-8A97-8684BA81C9D6}.Debug|x64.Build.0 = Debug|Any CPU
		{5F9F4155-C1F2-4B8B-8A97-8684BA81C9D6}.Debug|x86.ActiveCfg = Debug|Any CPU
		{5F9F4155-C1F2-4B8B-8A97-8684BA81C9D6}.Debug|x86.Build.0 = Debug|Any CPU
		{5F9F4155-C1F2-4B8B-8A97-8684BA81C9D6}.Release|Any CPU.ActiveCfg = Release|Any CPU
		{5F9F4155-C1F2-4B8B-8A97-8684BA81C9D6}.Release|Any CPU.Build.0 = Release|Any CPU
		{5F9F4155-C1F2-4B8B-8A97-8684BA81C9D6}.Release|x64.ActiveCfg = Release|Any CPU
		{5F9F4155-C1F2-4B8B-8A97-8684BA81C9D6}.Release|x64.Build.0 = Release|Any CPU
		{5F9F4155-C1F2-4B8B-8A97-8684BA81C9D6}.Release|x86.ActiveCfg = Release|Any CPU
		{5F9F4155-C1F2-4B8B-8A97-8684BA81C9D6}.Release|x86.Build.0 = Release|Any CPU
	EndGlobalSection
EndGlobal
